
Microsoft Visual Studio Solution File, Format Version 12.00
# Visual Studio Version 17
VisualStudioVersion = 17.3.32929.385
MinimumVisualStudioVersion = 10.0.40219.1
Project("{FAE04EC0-301F-11D3-BF4B-00C04F79EFBC}") = "MVC_Contactos", "MVC_Contactos\MVC_Contactos.csproj", "{FCCE63AA-4343-45B7-9200-61075CEE7E24}"
EndProject
Global
	GlobalSection(SolutionConfigurationPlatforms) = preSolution
		Debug|Any CPU = Debug|Any CPU
		Release|Any CPU = Release|Any CPU
	EndGlobalSection
	GlobalSection(ProjectConfigurationPlatforms) = postSolution
		{FCCE63AA-4343-45B7-9200-61075CEE7E24}.Debug|Any CPU.ActiveCfg = Debug|Any CPU
		{FCCE63AA-4343-45B7-9200-61075CEE7E24}.Debug|Any CPU.Build.0 = Debug|Any CPU
		{FCCE63AA-4343-45B7-9200-61075CEE7E24}.Release|Any CPU.ActiveCfg = Release|Any CPU
		{FCCE63AA-4343-45B7-9200-61075CEE7E24}.Release|Any CPU.Build.0 = Release|Any CPU
	EndGlobalSection
	GlobalSection(SolutionProperties) = preSolution
		HideSolutionNode = FALSE
	EndGlobalSection
	GlobalSection(ExtensibilityGlobals) = postSolution
		SolutionGuid = {3DEA1C50-8894-47EA-9F6F-7D20EC90485F}
	EndGlobalSection
EndGlobal
